{
  "socketPath": "/tmp/mcp-8i0aq5/mcp.sock",
  "scheme": "unix",
  "headers": {
    "Authorization": "Nonce 7aa7b93f-0713-444e-bdd9-60af438bca6b"
  },
  "pid": 485,
  "ideName": "Visual Studio Code",
  "timestamp": 1772467485685,
  "workspaceFolders": [
    "/home/roi_mcflurry"
  ],
  "isTrusted": true
}